
Microsoft Visual Studio Solution File, Format Version 12.00
# Visual Studio Version 16
VisualStudioVersion = 16.0.30320.27
MinimumVisualStudioVersion = 10.0.40219.1
Project("{FAE04EC0-301F-11D3-BF4B-00C04F79EFBC}") = "SklRcmApi", "SklRcmApi\SklRcmApi.csproj", "{388DAFA3-C22C-4713-BF0E-CFA8E6FF1E2B}"
EndProject
Global
	GlobalSection(SolutionConfigurationPlatforms) = preSolution
		Debug|Any CPU = Debug|Any CPU
		Release|Any CPU = Release|Any CPU
	EndGlobalSection
	GlobalSection(ProjectConfigurationPlatforms) = postSolution
		{388DAFA3-C22C-4713-BF0E-CFA8E6FF1E2B}.Debug|Any CPU.ActiveCfg = Debug|Any CPU
		{388DAFA3-C22C-4713-BF0E-CFA8E6FF1E2B}.Debug|Any CPU.Build.0 = Debug|Any CPU
		{388DAFA3-C22C-4713-BF0E-CFA8E6FF1E2B}.Release|Any CPU.ActiveCfg = Release|Any CPU
		{388DAFA3-C22C-4713-BF0E-CFA8E6FF1E2B}.Release|Any CPU.Build.0 = Release|Any CPU
	EndGlobalSection
	GlobalSection(SolutionProperties) = preSolution
		HideSolutionNode = FALSE
	EndGlobalSection
	GlobalSection(ExtensibilityGlobals) = postSolution
		SolutionGuid = {E76E510C-3156-4AEE-917A-D7F04EB32358}
	EndGlobalSection
EndGlobal
